
Microsoft Visual Studio Solution File, Format Version 12.00
# Visual Studio Version 16
VisualStudioVersion = 16.0.31313.79
MinimumVisualStudioVersion = 10.0.40219.1
Project("{FAE04EC0-301F-11D3-BF4B-00C04F79EFBC}") = "ProductFinder.Entities", "ProductFinder.Entities\ProductFinder.Entities.csproj", "{74722408-8877-45BF-B7C8-7CB79A0C57A3}"
EndProject
Project("{FAE04EC0-301F-11D3-BF4B-00C04F79EFBC}") = "ProductFinder.DataAccess", "ProductFinder.DataAccess\ProductFinder.DataAccess.csproj", "{7F816148-F3EC-4BC1-AF6E-73F5EFA75C6A}"
EndProject
Project("{FAE04EC0-301F-11D3-BF4B-00C04F79EFBC}") = "ProductFinder.Business", "ProductFinder.Business\ProductFinder.Business.csproj", "{A7CE4F8F-E74A-4483-8F7D-18869D7412D1}"
EndProject
Project("{FAE04EC0-301F-11D3-BF4B-00C04F79EFBC}") = "ProductFinder.Api", "ProductFinder.Api\ProductFinder.Api.csproj", "{F2821E25-F988-468B-8D6F-49FE45980425}"
EndProject
Global
	GlobalSection(SolutionConfigurationPlatforms) = preSolution
		Debug|Any CPU = Debug|Any CPU
		Release|Any CPU = Release|Any CPU
	EndGlobalSection
	GlobalSection(ProjectConfigurationPlatforms) = postSolution
		{74722408-8877-45BF-B7C8-7CB79A0C57A3}.Debug|Any CPU.ActiveCfg = Debug|Any CPU
		{74722408-8877-45BF-B7C8-7CB79A0C57A3}.Debug|Any CPU.Build.0 = Debug|Any CPU
		{74722408-8877-45BF-B7C8-7CB79A0C57A3}.Release|Any CPU.ActiveCfg = Release|Any CPU
		{74722408-8877-45BF-B7C8-7CB79A0C57A3}.Release|Any CPU.Build.0 = Release|Any CPU
		{7F816148-F3EC-4BC1-AF6E-73F5EFA75C6A}.Debug|Any CPU.ActiveCfg = Debug|Any CPU
		{7F816148-F3EC-4BC1-AF6E-73F5EFA75C6A}.Debug|Any CPU.Build.0 = Debug|Any CPU
		{7F816148-F3EC-4BC1-AF6E-73F5EFA75C6A}.Release|Any CPU.ActiveCfg = Release|Any CPU
		{7F816148-F3EC-4BC1-AF6E-73F5EFA75C6A}.Release|Any CPU.Build.0 = Release|Any CPU
		{A7CE4F8F-E74A-4483-8F7D-18869D7412D1}.Debug|Any CPU.ActiveCfg = Debug|Any CPU
		{A7CE4F8F-E74A-4483-8F7D-18869D7412D1}.Debug|Any CPU.Build.0 = Debug|Any CPU
		{A7CE4F8F-E74A-4483-8F7D-18869D7412D1}.Release|Any CPU.ActiveCfg = Release|Any CPU
		{A7CE4F8F-E74A-4483-8F7D-18869D7412D1}.Release|Any CPU.Build.0 = Release|Any CPU
		{F2821E25-F988-468B-8D6F-49FE45980425}.Debug|Any CPU.ActiveCfg = Debug|Any CPU
		{F2821E25-F988-468B-8D6F-49FE45980425}.Debug|Any CPU.Build.0 = Debug|Any CPU
		{F2821E25-F988-468B-8D6F-49FE45980425}.Release|Any CPU.ActiveCfg = Release|Any CPU
		{F2821E25-F988-468B-8D6F-49FE45980425}.Release|Any CPU.Build.0 = Release|Any CPU
	EndGlobalSection
	GlobalSection(SolutionProperties) = preSolution
		HideSolutionNode = FALSE
	EndGlobalSection
	GlobalSection(ExtensibilityGlobals) = postSolution
		SolutionGuid = {4FC3A43D-EDC2-42D8-9F5E-69859B9C3B7B}
	EndGlobalSection
EndGlobal
